# This file is automatically @generated by Cargo.
# It is not intended for manual editing.
version = 3

[[package]]
name = "graph-visualize"
version = "0.1.0"
dependencies = [
 "rasciigraph",
]

[[package]]
name = "rasciigraph"
version = "0.2.0"
source = "registry+https://github.com/rust-lang/crates.io-index"
checksum = "89a3273d76a0cdbb09ecead2f6007d6d169211f3c9c6dd30cd8a2e8175adcb74"
